
Microsoft Visual Studio Solution File, Format Version 12.00
# Visual Studio Version 17
VisualStudioVersion = 17.2.32526.322
MinimumVisualStudioVersion = 10.0.40219.1
Project("{9A19103F-16F7-4668-BE54-9A1E7A4F7556}") = "ZodiacMe", "ZodiacMe\ZodiacMe.csproj", "{0E097F22-82C4-4E55-A05B-654A8A70ED29}"
EndProject
Project("{9A19103F-16F7-4668-BE54-9A1E7A4F7556}") = "ZodiacMe.Datos", "ZodiacMe.Datos\ZodiacMe.Datos.csproj", "{F86AAE51-2150-4AD8-BB91-65D945AB3D3B}"
EndProject
Project("{FAE04EC0-301F-11D3-BF4B-00C04F79EFBC}") = "ZodiacMe.BD", "ZodiacMe.BD\ZodiacMe.BD.csproj", "{01DCA612-A0FB-4BA0-BF79-A4249EE90AF2}"
EndProject
Global
	GlobalSection(SolutionConfigurationPlatforms) = preSolution
		Debug|Any CPU = Debug|Any CPU
		Release|Any CPU = Release|Any CPU
	EndGlobalSection
	GlobalSection(ProjectConfigurationPlatforms) = postSolution
		{0E097F22-82C4-4E55-A05B-654A8A70ED29}.Debug|Any CPU.ActiveCfg = Debug|Any CPU
		{0E097F22-82C4-4E55-A05B-654A8A70ED29}.Debug|Any CPU.Build.0 = Debug|Any CPU
		{0E097F22-82C4-4E55-A05B-654A8A70ED29}.Release|Any CPU.ActiveCfg = Release|Any CPU
		{0E097F22-82C4-4E55-A05B-654A8A70ED29}.Release|Any CPU.Build.0 = Release|Any CPU
		{F86AAE51-2150-4AD8-BB91-65D945AB3D3B}.Debug|Any CPU.ActiveCfg = Debug|Any CPU
		{F86AAE51-2150-4AD8-BB91-65D945AB3D3B}.Debug|Any CPU.Build.0 = Debug|Any CPU
		{F86AAE51-2150-4AD8-BB91-65D945AB3D3B}.Release|Any CPU.ActiveCfg = Release|Any CPU
		{F86AAE51-2150-4AD8-BB91-65D945AB3D3B}.Release|Any CPU.Build.0 = Release|Any CPU
		{01DCA612-A0FB-4BA0-BF79-A4249EE90AF2}.Debug|Any CPU.ActiveCfg = Debug|Any CPU
		{01DCA612-A0FB-4BA0-BF79-A4249EE90AF2}.Debug|Any CPU.Build.0 = Debug|Any CPU
		{01DCA612-A0FB-4BA0-BF79-A4249EE90AF2}.Release|Any CPU.ActiveCfg = Release|Any CPU
		{01DCA612-A0FB-4BA0-BF79-A4249EE90AF2}.Release|Any CPU.Build.0 = Release|Any CPU
	EndGlobalSection
	GlobalSection(SolutionProperties) = preSolution
		HideSolutionNode = FALSE
	EndGlobalSection
	GlobalSection(ExtensibilityGlobals) = postSolution
		SolutionGuid = {EE6655ED-30B4-4095-AECF-55E300F0181C}
	EndGlobalSection
EndGlobal
